
Microsoft Visual Studio Solution File, Format Version 12.00
# Visual Studio Version 17
VisualStudioVersion = 17.0.32014.148
MinimumVisualStudioVersion = 10.0.40219.1
Project("{9A19103F-16F7-4668-BE54-9A1E7A4F7556}") = "RecipeManagerWeb", "RecipeManagerWeb\RecipeManagerWeb.csproj", "{8FF3E886-D035-4CBF-AC9B-CE50264F8F80}"
EndProject
Project("{9A19103F-16F7-4668-BE54-9A1E7A4F7556}") = "RecipeManagerWebTest", "RecipeManagerWebTest\RecipeManagerWebTest.csproj", "{9874E7D5-B58D-499B-9542-1949F2492D69}"
EndProject
Global
	GlobalSection(SolutionConfigurationPlatforms) = preSolution
		Debug|Any CPU = Debug|Any CPU
		Release|Any CPU = Release|Any CPU
	EndGlobalSection
	GlobalSection(ProjectConfigurationPlatforms) = postSolution
		{8FF3E886-D035-4CBF-AC9B-CE50264F8F80}.Debug|Any CPU.ActiveCfg = Debug|Any CPU
		{8FF3E886-D035-4CBF-AC9B-CE50264F8F80}.Debug|Any CPU.Build.0 = Debug|Any CPU
		{8FF3E886-D035-4CBF-AC9B-CE50264F8F80}.Release|Any CPU.ActiveCfg = Release|Any CPU
		{8FF3E886-D035-4CBF-AC9B-CE50264F8F80}.Release|Any CPU.Build.0 = Release|Any CPU
		{9874E7D5-B58D-499B-9542-1949F2492D69}.Debug|Any CPU.ActiveCfg = Debug|Any CPU
		{9874E7D5-B58D-499B-9542-1949F2492D69}.Debug|Any CPU.Build.0 = Debug|Any CPU
		{9874E7D5-B58D-499B-9542-1949F2492D69}.Release|Any CPU.ActiveCfg = Release|Any CPU
		{9874E7D5-B58D-499B-9542-1949F2492D69}.Release|Any CPU.Build.0 = Release|Any CPU
	EndGlobalSection
	GlobalSection(SolutionProperties) = preSolution
		HideSolutionNode = FALSE
	EndGlobalSection
	GlobalSection(ExtensibilityGlobals) = postSolution
		SolutionGuid = {3446209A-8158-4387-8771-634FBCEAF925}
	EndGlobalSection
EndGlobal
